github.com/juliusl/gopts v0.0.0-20210920174746-b28010aca7f0 h1:2CeYXMnCLOpPwg5lkyiF3FL9NP9cqORGR2KROPMl36g=
github.com/juliusl/gopts v0.0.0-20210920174746-b28010aca7f0/go.mod h1:Wojcpjiop7jpWSAipgOBa5RWMFsadVzaf5AHD6vbR44=
github.com/juliusl/gopts v0.0.0-20210930214059-703b466479f6 h1:N+3e3MQD0Mi7EBwiig5TM8mI2T/p5ks0q6Lw8lKNbqk=
github.com/juliusl/gopts v0.0.0-20210930214059-703b466479f6/go.mod h1:Wojcpjiop7jpWSAipgOBa5RWMFsadVzaf5AHD6vbR44=
